{
  "nodes": {
    "flake-utils": {
      "locked": {
        "lastModified": 1605370193,
        "narHash": "sha256-YyMTf3URDL/otKdKgtoMChu4vfVL3vCMkRqpGifhUn0=",
        "owner": "numtide",
        "repo": "flake-utils",
        "rev": "5021eac20303a61fafe17224c087f5519baed54d",
        "type": "github"
      },
      "original": {
        "owner": "numtide",
        "repo": "flake-utils",
        "type": "github"
      }
    },
    "flake-utils_2": {
      "locked": {
        "lastModified": 1605370193,
        "narHash": "sha256-YyMTf3URDL/otKdKgtoMChu4vfVL3vCMkRqpGifhUn0=",
        "owner": "numtide",
        "repo": "flake-utils",
        "rev": "5021eac20303a61fafe17224c087f5519baed54d",
        "type": "github"
      },
      "original": {
        "owner": "numtide",
        "repo": "flake-utils",
        "type": "github"
      }
    },
    "nixpkgs": {
      "locked": {
        "lastModified": 1608122323,
        "narHash": "sha256-ivxC1U9pUMziQcyvVHAOGi/IwzJ896C6DKbkKLJysoo=",
        "owner": "NixOS",
        "repo": "nixpkgs",
        "rev": "00941cd747e9bc1c3326d1362dbc7e9cfe18cf53",
        "type": "github"
      },
      "original": {
        "id": "nixpkgs",
        "type": "indirect"
      }
    },
    "nixpkgs_2": {
      "locked": {
        "lastModified": 1607660847,
        "narHash": "sha256-hTjqlKirCgD8mhJHj5btJlhRdL3WTt2zi6x6MllDzwM=",
        "owner": "NixOS",
        "repo": "nixpkgs",
        "rev": "2c0f6135aab77ff942b615228882c7dd996e0882",
        "type": "github"
      },
      "original": {
        "id": "nixpkgs",
        "type": "indirect"
      }
    },
    "nixpkgs_3": {
      "locked": {
        "lastModified": 1607660847,
        "narHash": "sha256-hTjqlKirCgD8mhJHj5btJlhRdL3WTt2zi6x6MllDzwM=",
        "owner": "NixOS",
        "repo": "nixpkgs",
        "rev": "2c0f6135aab77ff942b615228882c7dd996e0882",
        "type": "github"
      },
      "original": {
        "id": "nixpkgs",
        "type": "indirect"
      }
    },
    "psnp": {
      "inputs": {
        "nixpkgs": "nixpkgs_2",
        "utils": "utils"
      },
      "locked": {
        "lastModified": 1608165536,
        "narHash": "sha256-uV0sDf0gte63Samp+t2TOHx9VcFzcZIqbyOri6egl4I=",
        "owner": "ursi",
        "repo": "psnp",
        "rev": "53dd2d55b3e0d2f7abf576527897dec974260ad2",
        "type": "github"
      },
      "original": {
        "owner": "ursi",
        "repo": "psnp",
        "type": "github"
      }
    },
    "root": {
      "inputs": {
        "flake-utils": "flake-utils",
        "nixpkgs": "nixpkgs",
        "psnp": "psnp"
      }
    },
    "utils": {
      "inputs": {
        "flake-utils": "flake-utils_2",
        "nixpkgs": "nixpkgs_3"
      },
      "locked": {
        "lastModified": 1607971648,
        "narHash": "sha256-YPS5qB+cnmV5xKsTMUyU1udmscIls6vbkdoRCSoaKbI=",
        "owner": "ursi",
        "repo": "flake-utils",
        "rev": "3a39444700665688ab47d4e65c4eb928c879e3b5",
        "type": "github"
      },
      "original": {
        "id": "utils",
        "type": "indirect"
      }
    }
  },
  "root": "root",
  "version": 7
}
